
Microsoft Visual Studio Solution File, Format Version 12.00
# Visual Studio 14
VisualStudioVersion = 14.0.24720.0
MinimumVisualStudioVersion = 10.0.40219.1
Project("{FAE04EC0-301F-11D3-BF4B-00C04F79EFBC}") = "Alsvior.DAL", "Alsvior.DAL\Alsvior.DAL.csproj", "{B7420BE5-5D5E-44E9-8545-F5EE31027F15}"
EndProject
Project("{FAE04EC0-301F-11D3-BF4B-00C04F79EFBC}") = "Alsvior.Representations", "Alsvior.Representations\Alsvior.Representations.csproj", "{9F2F1BD3-592F-4E8F-B578-353F5906E304}"
EndProject
Project("{FAE04EC0-301F-11D3-BF4B-00C04F79EFBC}") = "Alsvior.Utility", "Alsvior.Utility\Alsvior.Utility.csproj", "{6FBD274E-208E-4232-A759-1C9DFC74B7F3}"
EndProject
Project("{FAE04EC0-301F-11D3-BF4B-00C04F79EFBC}") = "Alsvior.Weather", "Alsvior.Weather\Alsvior.Weather.csproj", "{88346A08-6CA8-479E-BACF-9D659ECA9924}"
EndProject
Project("{2150E333-8FDC-42A3-9474-1A3956D46DE8}") = "ExternalConfig", "ExternalConfig", "{61458A39-5987-4923-AAF6-F92E55EB5B52}"
	ProjectSection(SolutionItems) = preProject
		ExternalConfig\Cassandra.config = ExternalConfig\Cassandra.config
		ExternalConfig\Connections.config = ExternalConfig\Connections.config
		ExternalConfig\Event.config = ExternalConfig\Event.config
		ExternalConfig\Log4Net.config = ExternalConfig\Log4Net.config
		ExternalConfig\Slack.config = ExternalConfig\Slack.config
		Tables.cql = Tables.cql
		ExternalConfig\Weather.config = ExternalConfig\Weather.config
	EndProjectSection
EndProject
Project("{FAE04EC0-301F-11D3-BF4B-00C04F79EFBC}") = "Alsvior.Slack", "Alsvior.Slack\Alsvior.Slack.csproj", "{AA712F1D-9436-4E6D-B38F-53D18344F188}"
EndProject
Project("{2150E333-8FDC-42A3-9474-1A3956D46DE8}") = "PublishingProfiles", "PublishingProfiles", "{56341BC7-5013-4865-8DDA-B5AAAAA4C9AE}"
	ProjectSection(SolutionItems) = preProject
		PublishingProfiles\alsvior.PublishSettings = PublishingProfiles\alsvior.PublishSettings
	EndProjectSection
EndProject
Project("{FAE04EC0-301F-11D3-BF4B-00C04F79EFBC}") = "Alsvior.Core", "Alsvior.Core\Alsvior.Core.csproj", "{99075ED7-975A-4B2C-9834-68951DAA9F18}"
EndProject
Project("{FAE04EC0-301F-11D3-BF4B-00C04F79EFBC}") = "Alsvior.Inverters", "Alsvior.Inverters\Alsvior.Inverters.csproj", "{4DA688D4-014B-4D1D-A2A6-CB93E025DE6F}"
EndProject
Project("{FAE04EC0-301F-11D3-BF4B-00C04F79EFBC}") = "Alsvior.Api", "Alsvior.Api\Alsvior.Api.csproj", "{4DACAA5F-1059-4579-A68B-C499A2B22338}"
EndProject
Project("{2150E333-8FDC-42A3-9474-1A3956D46DE8}") = "Jobs", "Jobs", "{1ECEC551-93A6-48ED-8BCC-E149CB6EB9C6}"
EndProject
Project("{FAE04EC0-301F-11D3-BF4B-00C04F79EFBC}") = "Alsvior.Jobs.HistoricalWeather", "Alsvior.Jobs.HistoricalWeather\Alsvior.Jobs.HistoricalWeather.csproj", "{03D11E4A-C443-4486-ABB1-8B5FB2EDEE2D}"
EndProject
Project("{2150E333-8FDC-42A3-9474-1A3956D46DE8}") = "Tests", "Tests", "{660E1A82-86E4-48AD-A741-797486616490}"
EndProject
Project("{FAE04EC0-301F-11D3-BF4B-00C04F79EFBC}") = "Alsvior.Utility.Test", "Alsvior.Utility.Test\Alsvior.Utility.Test.csproj", "{C61EBF5D-C891-4921-862B-8049E8ED3B2B}"
EndProject
Global
	GlobalSection(SolutionConfigurationPlatforms) = preSolution
		Debug|Any CPU = Debug|Any CPU
		Debug|x64 = Debug|x64
		Release|Any CPU = Release|Any CPU
		Release|x64 = Release|x64
	EndGlobalSection
	GlobalSection(ProjectConfigurationPlatforms) = postSolution
		{B7420BE5-5D5E-44E9-8545-F5EE31027F15}.Debug|Any CPU.ActiveCfg = Debug|Any CPU
		{B7420BE5-5D5E-44E9-8545-F5EE31027F15}.Debug|Any CPU.Build.0 = Debug|Any CPU
		{B7420BE5-5D5E-44E9-8545-F5EE31027F15}.Debug|x64.ActiveCfg = Debug|Any CPU
		{B7420BE5-5D5E-44E9-8545-F5EE31027F15}.Debug|x64.Build.0 = Debug|Any CPU
		{B7420BE5-5D5E-44E9-8545-F5EE31027F15}.Release|Any CPU.ActiveCfg = Release|Any CPU
		{B7420BE5-5D5E-44E9-8545-F5EE31027F15}.Release|Any CPU.Build.0 = Release|Any CPU
		{B7420BE5-5D5E-44E9-8545-F5EE31027F15}.Release|x64.ActiveCfg = Release|Any CPU
		{B7420BE5-5D5E-44E9-8545-F5EE31027F15}.Release|x64.Build.0 = Release|Any CPU
		{9F2F1BD3-592F-4E8F-B578-353F5906E304}.Debug|Any CPU.ActiveCfg = Debug|Any CPU
		{9F2F1BD3-592F-4E8F-B578-353F5906E304}.Debug|Any CPU.Build.0 = Debug|Any CPU
		{9F2F1BD3-592F-4E8F-B578-353F5906E304}.Debug|x64.ActiveCfg = Debug|Any CPU
		{9F2F1BD3-592F-4E8F-B578-353F5906E304}.Debug|x64.Build.0 = Debug|Any CPU
		{9F2F1BD3-592F-4E8F-B578-353F5906E304}.Release|Any CPU.ActiveCfg = Release|Any CPU
		{9F2F1BD3-592F-4E8F-B578-353F5906E304}.Release|Any CPU.Build.0 = Release|Any CPU
		{9F2F1BD3-592F-4E8F-B578-353F5906E304}.Release|x64.ActiveCfg = Release|Any CPU
		{9F2F1BD3-592F-4E8F-B578-353F5906E304}.Release|x64.Build.0 = Release|Any CPU
		{6FBD274E-208E-4232-A759-1C9DFC74B7F3}.Debug|Any CPU.ActiveCfg = Debug|Any CPU
		{6FBD274E-208E-4232-A759-1C9DFC74B7F3}.Debug|Any CPU.Build.0 = Debug|Any CPU
		{6FBD274E-208E-4232-A759-1C9DFC74B7F3}.Debug|x64.ActiveCfg = Debug|Any CPU
		{6FBD274E-208E-4232-A759-1C9DFC74B7F3}.Debug|x64.Build.0 = Debug|Any CPU
		{6FBD274E-208E-4232-A759-1C9DFC74B7F3}.Release|Any CPU.ActiveCfg = Release|Any CPU
		{6FBD274E-208E-4232-A759-1C9DFC74B7F3}.Release|Any CPU.Build.0 = Release|Any CPU
		{6FBD274E-208E-4232-A759-1C9DFC74B7F3}.Release|x64.ActiveCfg = Release|Any CPU
		{6FBD274E-208E-4232-A759-1C9DFC74B7F3}.Release|x64.Build.0 = Release|Any CPU
		{88346A08-6CA8-479E-BACF-9D659ECA9924}.Debug|Any CPU.ActiveCfg = Debug|Any CPU
		{88346A08-6CA8-479E-BACF-9D659ECA9924}.Debug|Any CPU.Build.0 = Debug|Any CPU
		{88346A08-6CA8-479E-BACF-9D659ECA9924}.Debug|x64.ActiveCfg = Debug|Any CPU
		{88346A08-6CA8-479E-BACF-9D659ECA9924}.Debug|x64.Build.0 = Debug|Any CPU
		{88346A08-6CA8-479E-BACF-9D659ECA9924}.Release|Any CPU.ActiveCfg = Release|Any CPU
		{88346A08-6CA8-479E-BACF-9D659ECA9924}.Release|Any CPU.Build.0 = Release|Any CPU
		{88346A08-6CA8-479E-BACF-9D659ECA9924}.Release|x64.ActiveCfg = Release|Any CPU
		{88346A08-6CA8-479E-BACF-9D659ECA9924}.Release|x64.Build.0 = Release|Any CPU
		{AA712F1D-9436-4E6D-B38F-53D18344F188}.Debug|Any CPU.ActiveCfg = Debug|Any CPU
		{AA712F1D-9436-4E6D-B38F-53D18344F188}.Debug|Any CPU.Build.0 = Debug|Any CPU
		{AA712F1D-9436-4E6D-B38F-53D18344F188}.Debug|x64.ActiveCfg = Debug|Any CPU
		{AA712F1D-9436-4E6D-B38F-53D18344F188}.Debug|x64.Build.0 = Debug|Any CPU
		{AA712F1D-9436-4E6D-B38F-53D18344F188}.Release|Any CPU.ActiveCfg = Release|Any CPU
		{AA712F1D-9436-4E6D-B38F-53D18344F188}.Release|Any CPU.Build.0 = Release|Any CPU
		{AA712F1D-9436-4E6D-B38F-53D18344F188}.Release|x64.ActiveCfg = Release|Any CPU
		{AA712F1D-9436-4E6D-B38F-53D18344F188}.Release|x64.Build.0 = Release|Any CPU
		{99075ED7-975A-4B2C-9834-68951DAA9F18}.Debug|Any CPU.ActiveCfg = Debug|Any CPU
		{99075ED7-975A-4B2C-9834-68951DAA9F18}.Debug|Any CPU.Build.0 = Debug|Any CPU
		{99075ED7-975A-4B2C-9834-68951DAA9F18}.Debug|x64.ActiveCfg = Debug|Any CPU
		{99075ED7-975A-4B2C-9834-68951DAA9F18}.Debug|x64.Build.0 = Debug|Any CPU
		{99075ED7-975A-4B2C-9834-68951DAA9F18}.Release|Any CPU.ActiveCfg = Release|Any CPU
		{99075ED7-975A-4B2C-9834-68951DAA9F18}.Release|Any CPU.Build.0 = Release|Any CPU
		{99075ED7-975A-4B2C-9834-68951DAA9F18}.Release|x64.ActiveCfg = Release|Any CPU
		{99075ED7-975A-4B2C-9834-68951DAA9F18}.Release|x64.Build.0 = Release|Any CPU
		{4DA688D4-014B-4D1D-A2A6-CB93E025DE6F}.Debug|Any CPU.ActiveCfg = Debug|Any CPU
		{4DA688D4-014B-4D1D-A2A6-CB93E025DE6F}.Debug|Any CPU.Build.0 = Debug|Any CPU
		{4DA688D4-014B-4D1D-A2A6-CB93E025DE6F}.Debug|x64.ActiveCfg = Debug|Any CPU
		{4DA688D4-014B-4D1D-A2A6-CB93E025DE6F}.Debug|x64.Build.0 = Debug|Any CPU
		{4DA688D4-014B-4D1D-A2A6-CB93E025DE6F}.Release|Any CPU.ActiveCfg = Release|Any CPU
		{4DA688D4-014B-4D1D-A2A6-CB93E025DE6F}.Release|Any CPU.Build.0 = Release|Any CPU
		{4DA688D4-014B-4D1D-A2A6-CB93E025DE6F}.Release|x64.ActiveCfg = Release|Any CPU
		{4DA688D4-014B-4D1D-A2A6-CB93E025DE6F}.Release|x64.Build.0 = Release|Any CPU
		{4DACAA5F-1059-4579-A68B-C499A2B22338}.Debug|Any CPU.ActiveCfg = Debug|Any CPU
		{4DACAA5F-1059-4579-A68B-C499A2B22338}.Debug|Any CPU.Build.0 = Debug|Any CPU
		{4DACAA5F-1059-4579-A68B-C499A2B22338}.Debug|x64.ActiveCfg = Debug|Any CPU
		{4DACAA5F-1059-4579-A68B-C499A2B22338}.Debug|x64.Build.0 = Debug|Any CPU
		{4DACAA5F-1059-4579-A68B-C499A2B22338}.Release|Any CPU.ActiveCfg = Release|Any CPU
		{4DACAA5F-1059-4579-A68B-C499A2B22338}.Release|Any CPU.Build.0 = Release|Any CPU
		{4DACAA5F-1059-4579-A68B-C499A2B22338}.Release|x64.ActiveCfg = Release|Any CPU
		{4DACAA5F-1059-4579-A68B-C499A2B22338}.Release|x64.Build.0 = Release|Any CPU
		{03D11E4A-C443-4486-ABB1-8B5FB2EDEE2D}.Debug|Any CPU.ActiveCfg = Debug|Any CPU
		{03D11E4A-C443-4486-ABB1-8B5FB2EDEE2D}.Debug|Any CPU.Build.0 = Debug|Any CPU
		{03D11E4A-C443-4486-ABB1-8B5FB2EDEE2D}.Debug|x64.ActiveCfg = Debug|Any CPU
		{03D11E4A-C443-4486-ABB1-8B5FB2EDEE2D}.Debug|x64.Build.0 = Debug|Any CPU
		{03D11E4A-C443-4486-ABB1-8B5FB2EDEE2D}.Release|Any CPU.ActiveCfg = Release|Any CPU
		{03D11E4A-C443-4486-ABB1-8B5FB2EDEE2D}.Release|Any CPU.Build.0 = Release|Any CPU
		{03D11E4A-C443-4486-ABB1-8B5FB2EDEE2D}.Release|x64.ActiveCfg = Release|Any CPU
		{03D11E4A-C443-4486-ABB1-8B5FB2EDEE2D}.Release|x64.Build.0 = Release|Any CPU
		{C61EBF5D-C891-4921-862B-8049E8ED3B2B}.Debug|Any CPU.ActiveCfg = Debug|Any CPU
		{C61EBF5D-C891-4921-862B-8049E8ED3B2B}.Debug|Any CPU.Build.0 = Debug|Any CPU
		{C61EBF5D-C891-4921-862B-8049E8ED3B2B}.Debug|x64.ActiveCfg = Debug|Any CPU
		{C61EBF5D-C891-4921-862B-8049E8ED3B2B}.Debug|x64.Build.0 = Debug|Any CPU
		{C61EBF5D-C891-4921-862B-8049E8ED3B2B}.Release|Any CPU.ActiveCfg = Release|Any CPU
		{C61EBF5D-C891-4921-862B-8049E8ED3B2B}.Release|Any CPU.Build.0 = Release|Any CPU
		{C61EBF5D-C891-4921-862B-8049E8ED3B2B}.Release|x64.ActiveCfg = Release|Any CPU
		{C61EBF5D-C891-4921-862B-8049E8ED3B2B}.Release|x64.Build.0 = Release|Any CPU
	EndGlobalSection
	GlobalSection(SolutionProperties) = preSolution
		HideSolutionNode = FALSE
	EndGlobalSection
	GlobalSection(NestedProjects) = preSolution
		{03D11E4A-C443-4486-ABB1-8B5FB2EDEE2D} = {1ECEC551-93A6-48ED-8BCC-E149CB6EB9C6}
		{C61EBF5D-C891-4921-862B-8049E8ED3B2B} = {660E1A82-86E4-48AD-A741-797486616490}
	EndGlobalSection
	GlobalSection(ExtensibilityGlobals) = postSolution
		EnterpriseLibraryConfigurationToolBinariesPathV6 = packages\EnterpriseLibrary.TransientFaultHandling.6.0.1304.0\lib\portable-net45+win+wp8;packages\EnterpriseLibrary.TransientFaultHandling.Data.6.0.1304.1\lib\NET45
	EndGlobalSection
EndGlobal
